<?xml version="1.0" encoding="utf-8"?>
<Project ToolsVersion="4.0" xmlns="http://schemas.microsoft.com/developer/msbuild/2003">
  <ItemGroup>
    <Filter Include="engine">
      <UniqueIdentifier>{FBDB78FB-E77D-A3D1-D038-B725BC792A22}</UniqueIdentifier>
    </Filter>
    <Filter Include="engine\containers">
      <UniqueIdentifier>{C06FA2ED-2C86-A083-75FD-2BA5E152710B}</UniqueIdentifier>
    </Filter>
    <Filter Include="engine\context">
      <UniqueIdentifier>{AFB9F6CD-9B87-EAD3-841B-5BFA7088C638}</UniqueIdentifier>
    </Filter>
    <Filter Include="engine\context\opengl">
      <UniqueIdentifier>{63E00EFE-CF4C-CAF8-9840-6256046CEC60}</UniqueIdentifier>
    </Filter>
    <Filter Include="engine\core">
      <UniqueIdentifier>{5341430D-BFF6-BB02-48EB-B5D9B49FB206}</UniqueIdentifier>
    </Filter>
    <Filter Include="engine\core\events">
      <UniqueIdentifier>{F7E5628A-E3C9-23E0-4C2A-1E33382D0E62}</UniqueIdentifier>
    </Filter>
    <Filter Include="engine\core\events\input">
      <UniqueIdentifier>{5603F8DE-4228-475F-6B73-2CEF57F7457D}</UniqueIdentifier>
    </Filter>
    <Filter Include="engine\core\events\window">
      <UniqueIdentifier>{1ECB44DE-8A8D-7868-D33D-07F53F3F5146}</UniqueIdentifier>
    </Filter>
    <Filter Include="engine\renderer">
      <UniqueIdentifier>{2166C161-8DF1-2E26-9602-B21A020D8B26}</UniqueIdentifier>
    </Filter>
    <Filter Include="engine\utils">
      <UniqueIdentifier>{BBBDF3B6-A720-835B-50A6-BB113CE84EDE}</UniqueIdentifier>
    </Filter>
    <Filter Include="engine\window">
      <UniqueIdentifier>{A2545199-0E15-CDCF-D74F-164D43CF11AC}</UniqueIdentifier>
    </Filter>
    <Filter Include="external">
      <UniqueIdentifier>{2839F3DC-1406-4EE8-3D1F-3C90294B8376}</UniqueIdentifier>
    </Filter>
    <Filter Include="external\glad">
      <UniqueIdentifier>{2F05BA43-9BC5-357A-6400-7FF7D07F7A56}</UniqueIdentifier>
    </Filter>
    <Filter Include="external\glad\src">
      <UniqueIdentifier>{C6C2A2EE-32D9-A084-7B50-2CA6E7A5710C}</UniqueIdentifier>
    </Filter>
  </ItemGroup>
  <ItemGroup>
    <ClInclude Include="engine\containers\delegate.h">
      <Filter>engine\containers</Filter>
    </ClInclude>
    <ClInclude Include="engine\context\graphics_context.h">
      <Filter>engine\context</Filter>
    </ClInclude>
    <ClInclude Include="engine\context\vertex_buffer_object.h">
      <Filter>engine\context</Filter>
    </ClInclude>
    <ClInclude Include="engine\core\application.h">
      <Filter>engine\core</Filter>
    </ClInclude>
    <ClInclude Include="engine\core\entry_point.h">
      <Filter>engine\core</Filter>
    </ClInclude>
    <ClInclude Include="engine\core\event_bus.h">
      <Filter>engine\core</Filter>
    </ClInclude>
    <ClInclude Include="engine\core\events\event.h">
      <Filter>engine\core\events</Filter>
    </ClInclude>
    <ClInclude Include="engine\core\events\events.h">
      <Filter>engine\core\events</Filter>
    </ClInclude>
    <ClInclude Include="engine\core\events\input\input_events.h">
      <Filter>engine\core\events\input</Filter>
    </ClInclude>
    <ClInclude Include="engine\core\events\input\key_press.h">
      <Filter>engine\core\events\input</Filter>
    </ClInclude>
    <ClInclude Include="engine\core\events\input\key_release.h">
      <Filter>engine\core\events\input</Filter>
    </ClInclude>
    <ClInclude Include="engine\core\events\input\key_repeat.h">
      <Filter>engine\core\events\input</Filter>
    </ClInclude>
    <ClInclude Include="engine\core\events\input\mouse_button_press.h">
      <Filter>engine\core\events\input</Filter>
    </ClInclude>
    <ClInclude Include="engine\core\events\input\mouse_button_release.h">
      <Filter>engine\core\events\input</Filter>
    </ClInclude>
    <ClInclude Include="engine\core\events\input\mouse_move.h">
      <Filter>engine\core\events\input</Filter>
    </ClInclude>
    <ClInclude Include="engine\core\events\input\mouse_scroll.h">
      <Filter>engine\core\events\input</Filter>
    </ClInclude>
    <ClInclude Include="engine\core\events\window\window_close.h">
      <Filter>engine\core\events\window</Filter>
    </ClInclude>
    <ClInclude Include="engine\core\events\window\window_events.h">
      <Filter>engine\core\events\window</Filter>
    </ClInclude>
    <ClInclude Include="engine\core\events\window\window_focus.h">
      <Filter>engine\core\events\window</Filter>
    </ClInclude>
    <ClInclude Include="engine\core\events\window\window_framebuffer_size.h">
      <Filter>engine\core\events\window</Filter>
    </ClInclude>
    <ClInclude Include="engine\core\events\window\window_iconify.h">
      <Filter>engine\core\events\window</Filter>
    </ClInclude>
    <ClInclude Include="engine\core\events\window\window_maximize.h">
      <Filter>engine\core\events\window</Filter>
    </ClInclude>
    <ClInclude Include="engine\core\events\window\window_position.h">
      <Filter>engine\core\events\window</Filter>
    </ClInclude>
    <ClInclude Include="engine\core\events\window\window_resize.h">
      <Filter>engine\core\events\window</Filter>
    </ClInclude>
    <ClInclude Include="engine\core\layer.h">
      <Filter>engine\core</Filter>
    </ClInclude>
    <ClInclude Include="engine\core\system.h">
      <Filter>engine\core</Filter>
    </ClInclude>
    <ClInclude Include="engine\core\window.h">
      <Filter>engine\core</Filter>
    </ClInclude>
    <ClInclude Include="engine\plpch.h">
      <Filter>engine</Filter>
    </ClInclude>
    <ClInclude Include="engine\polos.h">
      <Filter>engine</Filter>
    </ClInclude>
    <ClInclude Include="engine\renderer\renderer.h">
      <Filter>engine\renderer</Filter>
    </ClInclude>
    <ClInclude Include="engine\core\logger.h">
      <Filter>engine\utils</Filter>
    </ClInclude>
    <ClInclude Include="engine\platform\platform_detection.h">
      <Filter>engine\utils</Filter>
    </ClInclude>
    <ClInclude Include="engine\utils\types.h">
      <Filter>engine\utils</Filter>
    </ClInclude>
    <ClInclude Include="engine\utils\util-inl.h">
      <Filter>engine\utils</Filter>
    </ClInclude>
    <ClInclude Include="engine\utils\util.h">
      <Filter>engine\utils</Filter>
    </ClInclude>
    <ClInclude Include="engine\window\glfw_window.h">
      <Filter>engine\window</Filter>
    </ClInclude>
    <ClInclude Include="engine\core\debug.h" />
  </ItemGroup>
  <ItemGroup>
    <ClCompile Include="engine\context\opengl\opengl_context.cpp">
      <Filter>engine\context\opengl</Filter>
    </ClCompile>
    <ClCompile Include="engine\context\opengl\opengl_vertex_buffer_object.cpp">
      <Filter>engine\context\opengl</Filter>
    </ClCompile>
    <ClCompile Include="engine\core\application.cpp">
      <Filter>engine\core</Filter>
    </ClCompile>
    <ClCompile Include="engine\plpch.cpp">
      <Filter>engine</Filter>
    </ClCompile>
    <ClCompile Include="engine\renderer\renderer.cpp">
      <Filter>engine\renderer</Filter>
    </ClCompile>
    <ClCompile Include="engine\core\logger.cpp">
      <Filter>engine\utils</Filter>
    </ClCompile>
    <ClCompile Include="engine\window\glfw_window.cpp">
      <Filter>engine\window</Filter>
    </ClCompile>
    <ClCompile Include="external\glad\src\glad.c">
      <Filter>external\glad\src</Filter>
    </ClCompile>
  </ItemGroup>
</Project>